
Microsoft Visual Studio Solution File, Format Version 12.00
# Visual Studio 2012
Project("{FAE04EC0-301F-11D3-BF4B-00C04F79EFBC}") = "Updater", "Updater\Updater.csproj", "{202DBA52-83AB-4585-B41F-C186D73661AC}"
EndProject
Project("{FAE04EC0-301F-11D3-BF4B-00C04F79EFBC}") = "PDFForms", "PDFForms\PDFForms.csproj", "{F2B09EAE-F21B-4B58-8AFB-04DF85A9195F}"
EndProject
Project("{FAE04EC0-301F-11D3-BF4B-00C04F79EFBC}") = "Res", "ImgRes\Res.csproj", "{5C0D187E-809D-446B-AAB2-AC15F86D8FAA}"
EndProject
Project("{FAE04EC0-301F-11D3-BF4B-00C04F79EFBC}") = "Digitaler Ausbildungsbericht .Net", "Digitaler Ausbildungsbericht .Net\Digitaler Ausbildungsbericht .Net.csproj", "{6ED9EFF6-EC9F-4B97-AF53-F787E1917BC6}"
EndProject
Project("{FAE04EC0-301F-11D3-BF4B-00C04F79EFBC}") = "TempUpdater", "TempUpdater\TempUpdater\TempUpdater.csproj", "{8EF56746-BDC7-483E-A75D-307B9C723155}"
EndProject
Global
	GlobalSection(TeamFoundationVersionControl) = preSolution
		SccNumberOfProjects = 6
		SccEnterpriseProvider = {4CA58AB2-18FA-4F8D-95D4-32DDF27D184C}
		SccTeamFoundationServer = http://192.168.2.110:8080/tfs/ausbildungsbericht.net
		SccLocalPath0 = .
		SccProjectUniqueName1 = Digitaler\u0020Ausbildungsbericht\u0020.Net\\Digitaler\u0020Ausbildungsbericht\u0020.Net.csproj
		SccProjectName1 = Digitaler\u0020Ausbildungsbericht\u0020.Net
		SccLocalPath1 = Digitaler\u0020Ausbildungsbericht\u0020.Net
		SccProjectUniqueName2 = ImgRes\\Res.csproj
		SccProjectName2 = ImgRes
		SccLocalPath2 = ImgRes
		SccProjectUniqueName3 = PDFForms\\PDFForms.csproj
		SccProjectName3 = PDFForms
		SccLocalPath3 = PDFForms
		SccProjectUniqueName4 = Updater\\Updater.csproj
		SccProjectName4 = Updater
		SccLocalPath4 = Updater
		SccProjectUniqueName5 = TempUpdater\\TempUpdater\\TempUpdater.csproj
		SccProjectName5 = TempUpdater/TempUpdater
		SccLocalPath5 = TempUpdater\\TempUpdater
	EndGlobalSection
	GlobalSection(SolutionConfigurationPlatforms) = preSolution
		CD_ROM|Any CPU = CD_ROM|Any CPU
		CD_ROM|Mixed Platforms = CD_ROM|Mixed Platforms
		CD_ROM|x86 = CD_ROM|x86
		Debug|Any CPU = Debug|Any CPU
		Debug|Mixed Platforms = Debug|Mixed Platforms
		Debug|x86 = Debug|x86
		DVD-5|Any CPU = DVD-5|Any CPU
		DVD-5|Mixed Platforms = DVD-5|Mixed Platforms
		DVD-5|x86 = DVD-5|x86
		Release|Any CPU = Release|Any CPU
		Release|Mixed Platforms = Release|Mixed Platforms
		Release|x86 = Release|x86
		SingleImage|Any CPU = SingleImage|Any CPU
		SingleImage|Mixed Platforms = SingleImage|Mixed Platforms
		SingleImage|x86 = SingleImage|x86
	EndGlobalSection
	GlobalSection(ProjectConfigurationPlatforms) = postSolution
		{202DBA52-83AB-4585-B41F-C186D73661AC}.CD_ROM|Any CPU.ActiveCfg = Release|x86
		{202DBA52-83AB-4585-B41F-C186D73661AC}.CD_ROM|Mixed Platforms.ActiveCfg = Release|x86
		{202DBA52-83AB-4585-B41F-C186D73661AC}.CD_ROM|Mixed Platforms.Build.0 = Release|x86
		{202DBA52-83AB-4585-B41F-C186D73661AC}.CD_ROM|x86.ActiveCfg = Release|x86
		{202DBA52-83AB-4585-B41F-C186D73661AC}.CD_ROM|x86.Build.0 = Release|x86
		{202DBA52-83AB-4585-B41F-C186D73661AC}.Debug|Any CPU.ActiveCfg = Debug|x86
		{202DBA52-83AB-4585-B41F-C186D73661AC}.Debug|Mixed Platforms.ActiveCfg = Debug|x86
		{202DBA52-83AB-4585-B41F-C186D73661AC}.Debug|Mixed Platforms.Build.0 = Debug|x86
		{202DBA52-83AB-4585-B41F-C186D73661AC}.Debug|x86.ActiveCfg = Debug|x86
		{202DBA52-83AB-4585-B41F-C186D73661AC}.Debug|x86.Build.0 = Debug|x86
		{202DBA52-83AB-4585-B41F-C186D73661AC}.DVD-5|Any CPU.ActiveCfg = Debug|x86
		{202DBA52-83AB-4585-B41F-C186D73661AC}.DVD-5|Mixed Platforms.ActiveCfg = Debug|x86
		{202DBA52-83AB-4585-B41F-C186D73661AC}.DVD-5|Mixed Platforms.Build.0 = Debug|x86
		{202DBA52-83AB-4585-B41F-C186D73661AC}.DVD-5|x86.ActiveCfg = Debug|x86
		{202DBA52-83AB-4585-B41F-C186D73661AC}.DVD-5|x86.Build.0 = Debug|x86
		{202DBA52-83AB-4585-B41F-C186D73661AC}.Release|Any CPU.ActiveCfg = Release|x86
		{202DBA52-83AB-4585-B41F-C186D73661AC}.Release|Mixed Platforms.ActiveCfg = Release|x86
		{202DBA52-83AB-4585-B41F-C186D73661AC}.Release|Mixed Platforms.Build.0 = Release|x86
		{202DBA52-83AB-4585-B41F-C186D73661AC}.Release|x86.ActiveCfg = Release|x86
		{202DBA52-83AB-4585-B41F-C186D73661AC}.Release|x86.Build.0 = Release|x86
		{202DBA52-83AB-4585-B41F-C186D73661AC}.SingleImage|Any CPU.ActiveCfg = Release|x86
		{202DBA52-83AB-4585-B41F-C186D73661AC}.SingleImage|Mixed Platforms.ActiveCfg = Release|x86
		{202DBA52-83AB-4585-B41F-C186D73661AC}.SingleImage|Mixed Platforms.Build.0 = Release|x86
		{202DBA52-83AB-4585-B41F-C186D73661AC}.SingleImage|x86.ActiveCfg = Release|x86
		{202DBA52-83AB-4585-B41F-C186D73661AC}.SingleImage|x86.Build.0 = Release|x86
		{F2B09EAE-F21B-4B58-8AFB-04DF85A9195F}.CD_ROM|Any CPU.ActiveCfg = Release|Any CPU
		{F2B09EAE-F21B-4B58-8AFB-04DF85A9195F}.CD_ROM|Any CPU.Build.0 = Release|Any CPU
		{F2B09EAE-F21B-4B58-8AFB-04DF85A9195F}.CD_ROM|Mixed Platforms.ActiveCfg = Release|Any CPU
		{F2B09EAE-F21B-4B58-8AFB-04DF85A9195F}.CD_ROM|Mixed Platforms.Build.0 = Release|Any CPU
		{F2B09EAE-F21B-4B58-8AFB-04DF85A9195F}.CD_ROM|x86.ActiveCfg = Release|Any CPU
		{F2B09EAE-F21B-4B58-8AFB-04DF85A9195F}.Debug|Any CPU.ActiveCfg = Debug|Any CPU
		{F2B09EAE-F21B-4B58-8AFB-04DF85A9195F}.Debug|Any CPU.Build.0 = Debug|Any CPU
		{F2B09EAE-F21B-4B58-8AFB-04DF85A9195F}.Debug|Mixed Platforms.ActiveCfg = Debug|Any CPU
		{F2B09EAE-F21B-4B58-8AFB-04DF85A9195F}.Debug|Mixed Platforms.Build.0 = Debug|Any CPU
		{F2B09EAE-F21B-4B58-8AFB-04DF85A9195F}.Debug|x86.ActiveCfg = Debug|Any CPU
		{F2B09EAE-F21B-4B58-8AFB-04DF85A9195F}.Debug|x86.Build.0 = Debug|Any CPU
		{F2B09EAE-F21B-4B58-8AFB-04DF85A9195F}.DVD-5|Any CPU.ActiveCfg = Debug|Any CPU
		{F2B09EAE-F21B-4B58-8AFB-04DF85A9195F}.DVD-5|Any CPU.Build.0 = Debug|Any CPU
		{F2B09EAE-F21B-4B58-8AFB-04DF85A9195F}.DVD-5|Mixed Platforms.ActiveCfg = Debug|Any CPU
		{F2B09EAE-F21B-4B58-8AFB-04DF85A9195F}.DVD-5|Mixed Platforms.Build.0 = Debug|Any CPU
		{F2B09EAE-F21B-4B58-8AFB-04DF85A9195F}.DVD-5|x86.ActiveCfg = Debug|Any CPU
		{F2B09EAE-F21B-4B58-8AFB-04DF85A9195F}.Release|Any CPU.ActiveCfg = Release|Any CPU
		{F2B09EAE-F21B-4B58-8AFB-04DF85A9195F}.Release|Any CPU.Build.0 = Release|Any CPU
		{F2B09EAE-F21B-4B58-8AFB-04DF85A9195F}.Release|Mixed Platforms.ActiveCfg = Release|Any CPU
		{F2B09EAE-F21B-4B58-8AFB-04DF85A9195F}.Release|Mixed Platforms.Build.0 = Release|Any CPU
		{F2B09EAE-F21B-4B58-8AFB-04DF85A9195F}.Release|x86.ActiveCfg = Release|Any CPU
		{F2B09EAE-F21B-4B58-8AFB-04DF85A9195F}.SingleImage|Any CPU.ActiveCfg = Release|Any CPU
		{F2B09EAE-F21B-4B58-8AFB-04DF85A9195F}.SingleImage|Any CPU.Build.0 = Release|Any CPU
		{F2B09EAE-F21B-4B58-8AFB-04DF85A9195F}.SingleImage|Mixed Platforms.ActiveCfg = Release|Any CPU
		{F2B09EAE-F21B-4B58-8AFB-04DF85A9195F}.SingleImage|Mixed Platforms.Build.0 = Release|Any CPU
		{F2B09EAE-F21B-4B58-8AFB-04DF85A9195F}.SingleImage|x86.ActiveCfg = Release|Any CPU
		{5C0D187E-809D-446B-AAB2-AC15F86D8FAA}.CD_ROM|Any CPU.ActiveCfg = Release|Any CPU
		{5C0D187E-809D-446B-AAB2-AC15F86D8FAA}.CD_ROM|Any CPU.Build.0 = Release|Any CPU
		{5C0D187E-809D-446B-AAB2-AC15F86D8FAA}.CD_ROM|Mixed Platforms.ActiveCfg = Release|Any CPU
		{5C0D187E-809D-446B-AAB2-AC15F86D8FAA}.CD_ROM|Mixed Platforms.Build.0 = Release|Any CPU
		{5C0D187E-809D-446B-AAB2-AC15F86D8FAA}.CD_ROM|x86.ActiveCfg = Release|Any CPU
		{5C0D187E-809D-446B-AAB2-AC15F86D8FAA}.Debug|Any CPU.ActiveCfg = Debug|Any CPU
		{5C0D187E-809D-446B-AAB2-AC15F86D8FAA}.Debug|Any CPU.Build.0 = Debug|Any CPU
		{5C0D187E-809D-446B-AAB2-AC15F86D8FAA}.Debug|Mixed Platforms.ActiveCfg = Debug|Any CPU
		{5C0D187E-809D-446B-AAB2-AC15F86D8FAA}.Debug|Mixed Platforms.Build.0 = Debug|Any CPU
		{5C0D187E-809D-446B-AAB2-AC15F86D8FAA}.Debug|x86.ActiveCfg = Debug|Any CPU
		{5C0D187E-809D-446B-AAB2-AC15F86D8FAA}.Debug|x86.Build.0 = Debug|Any CPU
		{5C0D187E-809D-446B-AAB2-AC15F86D8FAA}.DVD-5|Any CPU.ActiveCfg = Debug|Any CPU
		{5C0D187E-809D-446B-AAB2-AC15F86D8FAA}.DVD-5|Any CPU.Build.0 = Debug|Any CPU
		{5C0D187E-809D-446B-AAB2-AC15F86D8FAA}.DVD-5|Mixed Platforms.ActiveCfg = Debug|Any CPU
		{5C0D187E-809D-446B-AAB2-AC15F86D8FAA}.DVD-5|Mixed Platforms.Build.0 = Debug|Any CPU
		{5C0D187E-809D-446B-AAB2-AC15F86D8FAA}.DVD-5|x86.ActiveCfg = Debug|Any CPU
		{5C0D187E-809D-446B-AAB2-AC15F86D8FAA}.Release|Any CPU.ActiveCfg = Release|Any CPU
		{5C0D187E-809D-446B-AAB2-AC15F86D8FAA}.Release|Any CPU.Build.0 = Release|Any CPU
		{5C0D187E-809D-446B-AAB2-AC15F86D8FAA}.Release|Mixed Platforms.ActiveCfg = Release|Any CPU
		{5C0D187E-809D-446B-AAB2-AC15F86D8FAA}.Release|Mixed Platforms.Build.0 = Release|Any CPU
		{5C0D187E-809D-446B-AAB2-AC15F86D8FAA}.Release|x86.ActiveCfg = Release|Any CPU
		{5C0D187E-809D-446B-AAB2-AC15F86D8FAA}.SingleImage|Any CPU.ActiveCfg = Release|Any CPU
		{5C0D187E-809D-446B-AAB2-AC15F86D8FAA}.SingleImage|Any CPU.Build.0 = Release|Any CPU
		{5C0D187E-809D-446B-AAB2-AC15F86D8FAA}.SingleImage|Mixed Platforms.ActiveCfg = Release|Any CPU
		{5C0D187E-809D-446B-AAB2-AC15F86D8FAA}.SingleImage|Mixed Platforms.Build.0 = Release|Any CPU
		{5C0D187E-809D-446B-AAB2-AC15F86D8FAA}.SingleImage|x86.ActiveCfg = Release|Any CPU
		{6ED9EFF6-EC9F-4B97-AF53-F787E1917BC6}.CD_ROM|Any CPU.ActiveCfg = Release|x86
		{6ED9EFF6-EC9F-4B97-AF53-F787E1917BC6}.CD_ROM|Mixed Platforms.ActiveCfg = Release|x86
		{6ED9EFF6-EC9F-4B97-AF53-F787E1917BC6}.CD_ROM|Mixed Platforms.Build.0 = Release|x86
		{6ED9EFF6-EC9F-4B97-AF53-F787E1917BC6}.CD_ROM|x86.ActiveCfg = Release|x86
		{6ED9EFF6-EC9F-4B97-AF53-F787E1917BC6}.CD_ROM|x86.Build.0 = Release|x86
		{6ED9EFF6-EC9F-4B97-AF53-F787E1917BC6}.Debug|Any CPU.ActiveCfg = Debug|x86
		{6ED9EFF6-EC9F-4B97-AF53-F787E1917BC6}.Debug|Mixed Platforms.ActiveCfg = Debug|x86
		{6ED9EFF6-EC9F-4B97-AF53-F787E1917BC6}.Debug|Mixed Platforms.Build.0 = Debug|x86
		{6ED9EFF6-EC9F-4B97-AF53-F787E1917BC6}.Debug|x86.ActiveCfg = Debug|x86
		{6ED9EFF6-EC9F-4B97-AF53-F787E1917BC6}.Debug|x86.Build.0 = Debug|x86
		{6ED9EFF6-EC9F-4B97-AF53-F787E1917BC6}.DVD-5|Any CPU.ActiveCfg = Debug|x86
		{6ED9EFF6-EC9F-4B97-AF53-F787E1917BC6}.DVD-5|Mixed Platforms.ActiveCfg = Debug|x86
		{6ED9EFF6-EC9F-4B97-AF53-F787E1917BC6}.DVD-5|Mixed Platforms.Build.0 = Debug|x86
		{6ED9EFF6-EC9F-4B97-AF53-F787E1917BC6}.DVD-5|x86.ActiveCfg = Debug|x86
		{6ED9EFF6-EC9F-4B97-AF53-F787E1917BC6}.DVD-5|x86.Build.0 = Debug|x86
		{6ED9EFF6-EC9F-4B97-AF53-F787E1917BC6}.Release|Any CPU.ActiveCfg = Release|x86
		{6ED9EFF6-EC9F-4B97-AF53-F787E1917BC6}.Release|Mixed Platforms.ActiveCfg = Release|x86
		{6ED9EFF6-EC9F-4B97-AF53-F787E1917BC6}.Release|Mixed Platforms.Build.0 = Release|x86
		{6ED9EFF6-EC9F-4B97-AF53-F787E1917BC6}.Release|x86.ActiveCfg = Release|x86
		{6ED9EFF6-EC9F-4B97-AF53-F787E1917BC6}.Release|x86.Build.0 = Release|x86
		{6ED9EFF6-EC9F-4B97-AF53-F787E1917BC6}.SingleImage|Any CPU.ActiveCfg = Release|x86
		{6ED9EFF6-EC9F-4B97-AF53-F787E1917BC6}.SingleImage|Mixed Platforms.ActiveCfg = Release|x86
		{6ED9EFF6-EC9F-4B97-AF53-F787E1917BC6}.SingleImage|Mixed Platforms.Build.0 = Release|x86
		{6ED9EFF6-EC9F-4B97-AF53-F787E1917BC6}.SingleImage|x86.ActiveCfg = Release|x86
		{6ED9EFF6-EC9F-4B97-AF53-F787E1917BC6}.SingleImage|x86.Build.0 = Release|x86
		{8EF56746-BDC7-483E-A75D-307B9C723155}.CD_ROM|Any CPU.ActiveCfg = Release|Any CPU
		{8EF56746-BDC7-483E-A75D-307B9C723155}.CD_ROM|Any CPU.Build.0 = Release|Any CPU
		{8EF56746-BDC7-483E-A75D-307B9C723155}.CD_ROM|Mixed Platforms.ActiveCfg = Release|Any CPU
		{8EF56746-BDC7-483E-A75D-307B9C723155}.CD_ROM|Mixed Platforms.Build.0 = Release|Any CPU
		{8EF56746-BDC7-483E-A75D-307B9C723155}.CD_ROM|x86.ActiveCfg = Release|Any CPU
		{8EF56746-BDC7-483E-A75D-307B9C723155}.Debug|Any CPU.ActiveCfg = Debug|Any CPU
		{8EF56746-BDC7-483E-A75D-307B9C723155}.Debug|Any CPU.Build.0 = Debug|Any CPU
		{8EF56746-BDC7-483E-A75D-307B9C723155}.Debug|Mixed Platforms.ActiveCfg = Debug|Any CPU
		{8EF56746-BDC7-483E-A75D-307B9C723155}.Debug|Mixed Platforms.Build.0 = Debug|Any CPU
		{8EF56746-BDC7-483E-A75D-307B9C723155}.Debug|x86.ActiveCfg = Debug|Any CPU
		{8EF56746-BDC7-483E-A75D-307B9C723155}.DVD-5|Any CPU.ActiveCfg = Debug|Any CPU
		{8EF56746-BDC7-483E-A75D-307B9C723155}.DVD-5|Any CPU.Build.0 = Debug|Any CPU
		{8EF56746-BDC7-483E-A75D-307B9C723155}.DVD-5|Mixed Platforms.ActiveCfg = Debug|Any CPU
		{8EF56746-BDC7-483E-A75D-307B9C723155}.DVD-5|Mixed Platforms.Build.0 = Debug|Any CPU
		{8EF56746-BDC7-483E-A75D-307B9C723155}.DVD-5|x86.ActiveCfg = Debug|Any CPU
		{8EF56746-BDC7-483E-A75D-307B9C723155}.Release|Any CPU.ActiveCfg = Release|Any CPU
		{8EF56746-BDC7-483E-A75D-307B9C723155}.Release|Any CPU.Build.0 = Release|Any CPU
		{8EF56746-BDC7-483E-A75D-307B9C723155}.Release|Mixed Platforms.ActiveCfg = Release|Any CPU
		{8EF56746-BDC7-483E-A75D-307B9C723155}.Release|Mixed Platforms.Build.0 = Release|Any CPU
		{8EF56746-BDC7-483E-A75D-307B9C723155}.Release|x86.ActiveCfg = Release|Any CPU
		{8EF56746-BDC7-483E-A75D-307B9C723155}.SingleImage|Any CPU.ActiveCfg = Release|Any CPU
		{8EF56746-BDC7-483E-A75D-307B9C723155}.SingleImage|Any CPU.Build.0 = Release|Any CPU
		{8EF56746-BDC7-483E-A75D-307B9C723155}.SingleImage|Mixed Platforms.ActiveCfg = Release|Any CPU
		{8EF56746-BDC7-483E-A75D-307B9C723155}.SingleImage|Mixed Platforms.Build.0 = Release|Any CPU
		{8EF56746-BDC7-483E-A75D-307B9C723155}.SingleImage|x86.ActiveCfg = Release|Any CPU
	EndGlobalSection
	GlobalSection(SolutionProperties) = preSolution
		HideSolutionNode = FALSE
	EndGlobalSection
EndGlobal
